
Microsoft Visual Studio Solution File, Format Version 12.00
# Visual Studio Version 16
VisualStudioVersion = 16.0.30503.244
MinimumVisualStudioVersion = 10.0.40219.1
Project("{8BC9CEB8-8B4A-11D0-8D11-00A0C91BC942}") = "parola", "parola\parola.vcxproj", "{04D61075-CC54-4485-BCB7-0B22459B2599}"
EndProject
Global
	GlobalSection(SolutionConfigurationPlatforms) = preSolution
		Debug|x64 = Debug|x64
		Debug|x86 = Debug|x86
		Release|x64 = Release|x64
		Release|x86 = Release|x86
	EndGlobalSection
	GlobalSection(ProjectConfigurationPlatforms) = postSolution
		{04D61075-CC54-4485-BCB7-0B22459B2599}.Debug|x64.ActiveCfg = Debug|x64
		{04D61075-CC54-4485-BCB7-0B22459B2599}.Debug|x64.Build.0 = Debug|x64
		{04D61075-CC54-4485-BCB7-0B22459B2599}.Debug|x86.ActiveCfg = Debug|Win32
		{04D61075-CC54-4485-BCB7-0B22459B2599}.Debug|x86.Build.0 = Debug|Win32
		{04D61075-CC54-4485-BCB7-0B22459B2599}.Release|x64.ActiveCfg = Release|x64
		{04D61075-CC54-4485-BCB7-0B22459B2599}.Release|x64.Build.0 = Release|x64
		{04D61075-CC54-4485-BCB7-0B22459B2599}.Release|x86.ActiveCfg = Release|Win32
		{04D61075-CC54-4485-BCB7-0B22459B2599}.Release|x86.Build.0 = Release|Win32
	EndGlobalSection
	GlobalSection(SolutionProperties) = preSolution
		HideSolutionNode = FALSE
	EndGlobalSection
	GlobalSection(ExtensibilityGlobals) = postSolution
		SolutionGuid = {B3FD4A15-E10B-4C67-B988-7A887DEAB183}
	EndGlobalSection
EndGlobal
